{
  "version": 4,
  "terraform_version": "1.0.11",
  "serial": 6,
  "lineage": "72011ca8-7f42-32ee-e34a-3d274cd4424a",
  "outputs": {},
  "resources": [
    {
      "module": "module.s3_remote_state",
      "mode": "data",
      "type": "aws_iam_user",
      "name": "owner",
      "provider": "provider[\"registry.terraform.io/hashicorp/aws\"]",
      "instances": [
        {
          "schema_version": 0,
          "attributes": {
            "arn": "arn:aws:iam::314730249056:user/cgomez",
            "id": "AIDAUSR3CPNQLZLDATGPP",
            "path": "/",
            "permissions_boundary": "",
            "tags": {},
            "user_id": "AIDAUSR3CPNQLZLDATGPP",
            "user_name": "cgomez"
          },
          "sensitive_attributes": []
        }
      ]
    },
    {
      "module": "module.s3_remote_state",
      "mode": "managed",
      "type": "aws_s3_bucket",
      "name": "state",
      "provider": "provider[\"registry.terraform.io/hashicorp/aws\"]",
      "instances": [
        {
          "schema_version": 0,
          "attributes": {
            "acceleration_status": "",
            "acl": "private",
            "arn": "arn:aws:s3:::didomi-challenge-tf-state",
            "bucket": "didomi-challenge-tf-state",
            "bucket_domain_name": "didomi-challenge-tf-state.s3.amazonaws.com",
            "bucket_prefix": null,
            "bucket_regional_domain_name": "didomi-challenge-tf-state.s3.amazonaws.com",
            "cors_rule": [],
            "force_destroy": true,
            "grant": [],
            "hosted_zone_id": "Z3AQBSTGFYJSTF",
            "id": "didomi-challenge-tf-state",
            "lifecycle_rule": [
              {
                "abort_incomplete_multipart_upload_days": 3,
                "enabled": true,
                "expiration": [],
                "id": "auto-delete-incomplete-after-x-days",
                "noncurrent_version_expiration": [],
                "noncurrent_version_transition": [],
                "prefix": "",
                "tags": {},
                "transition": []
              }
            ],
            "logging": [],
            "object_lock_configuration": [],
            "policy": null,
            "region": "us-east-1",
            "replication_configuration": [],
            "request_payer": "BucketOwner",
            "server_side_encryption_configuration": [
              {
                "rule": [
                  {
                    "apply_server_side_encryption_by_default": [
                      {
                        "kms_master_key_id": "",
                        "sse_algorithm": "AES256"
                      }
                    ],
                    "bucket_key_enabled": false
                  }
                ]
              }
            ],
            "tags": {
              "application": "didomi-challenge",
              "responsible": "cgomez"
            },
            "tags_all": {
              "application": "didomi-challenge",
              "responsible": "cgomez"
            },
            "versioning": [
              {
                "enabled": true,
                "mfa_delete": false
              }
            ],
            "website": [],
            "website_domain": null,
            "website_endpoint": null
          },
          "sensitive_attributes": [],
          "private": "bnVsbA=="
        }
      ]
    },
    {
      "module": "module.s3_remote_state",
      "mode": "managed",
      "type": "aws_s3_bucket_policy",
      "name": "bucket_policy",
      "provider": "provider[\"registry.terraform.io/hashicorp/aws\"]",
      "instances": [
        {
          "schema_version": 0,
          "attributes": {
            "bucket": "didomi-challenge-tf-state",
            "id": "didomi-challenge-tf-state",
            "policy": "{\"Version\":\"2012-10-17\",\"Statement\":[{\"Effect\":\"Allow\",\"Principal\":{\"AWS\":\"arn:aws:iam::314730249056:user/cgomez\"},\"Action\":\"s3:*\",\"Resource\":[\"arn:aws:s3:::didomi-challenge-tf-state\",\"arn:aws:s3:::didomi-challenge-tf-state/*\"]}]}"
          },
          "sensitive_attributes": [],
          "private": "bnVsbA==",
          "dependencies": [
            "module.s3_remote_state.aws_s3_bucket.state",
            "module.s3_remote_state.data.aws_iam_user.owner"
          ]
        }
      ]
    }
  ]
}
